# generated by rye
# use `rye lock` or `rye sync` to update this lockfile
#
# last locked with the following flags:
#   pre: false
#   features: []
#   all-features: false
#   with-sources: false
#   generate-hashes: false

-e file:.
annotated-types==0.7.0
    # via pydantic
backports-tarfile==1.2.0
    # via jaraco-context
certifi==2024.7.4
    # via requests
charset-normalizer==3.3.2
    # via requests
idna==3.7
    # via requests
importlib-metadata==8.2.0
    # via keyring
jaraco-classes==3.4.0
    # via keyring
jaraco-context==5.3.0
    # via keyring
jaraco-functools==4.0.2
    # via keyring
keyring==25.3.0
    # via mads-datasets
loguru==0.7.2
    # via mads-datasets
more-itertools==10.4.0
    # via jaraco-classes
    # via jaraco-functools
numpy==1.24.4
    # via mads-datasets
    # via pandas
pandas==2.0.3
    # via mads-datasets
pillow==10.4.0
    # via mads-datasets
polars==1.5.0
    # via mads-datasets
pydantic==2.8.2
    # via mads-datasets
pydantic-core==2.20.1
    # via pydantic
python-dateutil==2.9.0.post0
    # via pandas
pytz==2024.1
    # via pandas
requests==2.32.3
    # via mads-datasets
six==1.16.0
    # via python-dateutil
tqdm==4.66.5
    # via mads-datasets
typing-extensions==4.12.2
    # via pydantic
    # via pydantic-core
tzdata==2024.1
    # via pandas
urllib3==2.2.2
    # via requests
zipp==3.20.0
    # via importlib-metadata
